# This file is auto-generated by mops.
# It is not intended for manual editing.

[[package]]
name = "base"
version = "0.12.1"
source = "gl576-4yaaa-aaaam-qapzq-cai"
base_dir = "src"
dependencies = []

[[package]]
name = "splay"
version = "0.1.0"
source = "gl576-4yaaa-aaaam-qapzq-cai"
base_dir = "src"
dependencies = []

[[canister]]
output = "/Users/yan.chen/src/motoko-playground/service/pool/Wasm-utils.mo"
candid = "/Users/yan.chen/src/motoko-playground/service/wasm-utils/wasm-utils.did"
